
Microsoft Visual Studio Solution File, Format Version 12.00
# Visual Studio Version 17
VisualStudioVersion = 17.9.34902.65
MinimumVisualStudioVersion = 10.0.40219.1
Project("{FAE04EC0-301F-11D3-BF4B-00C04F79EFBC}") = "Mods3012.CW.ForceSleepMod", "Mods3012.CW.ForceSleepMod\Mods3012.CW.ForceSleepMod.csproj", "{EBF4318B-2EFB-473E-BDA1-6F8E9FA5CA5D}"
EndProject
Global
	GlobalSection(SolutionConfigurationPlatforms) = preSolution
		Debug|Any CPU = Debug|Any CPU
		Release|Any CPU = Release|Any CPU
	EndGlobalSection
	GlobalSection(ProjectConfigurationPlatforms) = postSolution
		{EBF4318B-2EFB-473E-BDA1-6F8E9FA5CA5D}.Debug|Any CPU.ActiveCfg = Debug|Any CPU
		{EBF4318B-2EFB-473E-BDA1-6F8E9FA5CA5D}.Debug|Any CPU.Build.0 = Debug|Any CPU
		{EBF4318B-2EFB-473E-BDA1-6F8E9FA5CA5D}.Release|Any CPU.ActiveCfg = Release|Any CPU
		{EBF4318B-2EFB-473E-BDA1-6F8E9FA5CA5D}.Release|Any CPU.Build.0 = Release|Any CPU
	EndGlobalSection
	GlobalSection(SolutionProperties) = preSolution
		HideSolutionNode = FALSE
	EndGlobalSection
	GlobalSection(ExtensibilityGlobals) = postSolution
		SolutionGuid = {3C4116BC-CC9D-4375-BA80-EBB6F25D949E}
	EndGlobalSection
EndGlobal
